
Microsoft Visual Studio Solution File, Format Version 12.00
# Visual Studio Version 17
VisualStudioVersion = 17.8.34330.188
MinimumVisualStudioVersion = 10.0.40219.1
Project("{FAE04EC0-301F-11D3-BF4B-00C04F79EFBC}") = "ProyectoFinal", "ProyectoFinal.csproj", "{917FB59D-F223-4386-8495-9A924FD97761}"
EndProject
Global
	GlobalSection(SolutionConfigurationPlatforms) = preSolution
		Debug|Any CPU = Debug|Any CPU
		Release|Any CPU = Release|Any CPU
	EndGlobalSection
	GlobalSection(ProjectConfigurationPlatforms) = postSolution
		{917FB59D-F223-4386-8495-9A924FD97761}.Debug|Any CPU.ActiveCfg = Debug|Any CPU
		{917FB59D-F223-4386-8495-9A924FD97761}.Debug|Any CPU.Build.0 = Debug|Any CPU
		{917FB59D-F223-4386-8495-9A924FD97761}.Release|Any CPU.ActiveCfg = Release|Any CPU
		{917FB59D-F223-4386-8495-9A924FD97761}.Release|Any CPU.Build.0 = Release|Any CPU
	EndGlobalSection
	GlobalSection(SolutionProperties) = preSolution
		HideSolutionNode = FALSE
	EndGlobalSection
	GlobalSection(ExtensibilityGlobals) = postSolution
		SolutionGuid = {D175322F-D306-4BF4-B4A7-1B344287A811}
	EndGlobalSection
EndGlobal
